// !$*UTF8*$!
{
	archiveVersion = 1;
	classes = {
	};
	objectVersion = 50;
	objects = {

/* Begin PBXBuildFile section */
		04B46BE624B228CF00F343FB /* AppDelegate.swift in Sources */ = {isa = PBXBuildFile; fileRef = 04B46BE524B228CF00F343FB /* AppDelegate.swift */; };
		04B46BE824B228CF00F343FB /* SceneDelegate.swift in Sources */ = {isa = PBXBuildFile; fileRef = 04B46BE724B228CF00F343FB /* SceneDelegate.swift */; };
		04B46BEB24B228CF00F343FB /* MyBookRating.xcdatamodeld in Sources */ = {isa = PBXBuildFile; fileRef = 04B46BE924B228CF00F343FB /* MyBookRating.xcdatamodeld */; };
		04B46BED24B228CF00F343FB /* ContentView.swift in Sources */ = {isa = PBXBuildFile; fileRef = 04B46BEC24B228CF00F343FB /* ContentView.swift */; };
		04B46BEF24B228D400F343FB /* Assets.xcassets in Resources */ = {isa = PBXBuildFile; fileRef = 04B46BEE24B228D400F343FB /* Assets.xcassets */; };
		04B46BF224B228D400F343FB /* Preview Assets.xcassets in Resources */ = {isa = PBXBuildFile; fileRef = 04B46BF124B228D400F343FB /* Preview Assets.xcassets */; };
		04B46BF524B228D400F343FB /* LaunchScreen.storyboard in Resources */ = {isa = PBXBuildFile; fileRef = 04B46BF324B228D400F343FB /* LaunchScreen.storyboard */; };
		04B46BFD24B24EAB00F343FB /* Book.swift in Sources */ = {isa = PBXBuildFile; fileRef = 04B46BFC24B24EAB00F343FB /* Book.swift */; };
		04B46BFF24B24F4700F343FB /* BookList.swift in Sources */ = {isa = PBXBuildFile; fileRef = 04B46BFE24B24F4700F343FB /* BookList.swift */; };
/* End PBXBuildFile section */

/* Begin PBXFileReference section */
		04B46BE224B228CF00F343FB /* MyBookRating.app */ = {isa = PBXFileReference; explicitFileType = wrapper.application; includeInIndex = 0; path = MyBookRating.app; sourceTree = BUILT_PRODUCTS_DIR; };
		04B46BE524B228CF00F343FB /* AppDelegate.swift */ = {isa = PBXFileReference; lastKnownFileType = sourcecode.swift; path = AppDelegate.swift; sourceTree = "<group>"; };
		04B46BE724B228CF00F343FB /* SceneDelegate.swift */ = {isa = PBXFileReference; lastKnownFileType = sourcecode.swift; path = SceneDelegate.swift; sourceTree = "<group>"; };
		04B46BEA24B228CF00F343FB /* MyBookRating.xcdatamodel */ = {isa = PBXFileReference; lastKnownFileType = wrapper.xcdatamodel; path = MyBookRating.xcdatamodel; sourceTree = "<group>"; };
		04B46BEC24B228CF00F343FB /* ContentView.swift */ = {isa = PBXFileReference; lastKnownFileType = sourcecode.swift; path = ContentView.swift; sourceTree = "<group>"; };
		04B46BEE24B228D400F343FB /* Assets.xcassets */ = {isa = PBXFileReference; lastKnownFileType = folder.assetcatalog; path = Assets.xcassets; sourceTree = "<group>"; };
		04B46BF124B228D400F343FB /* Preview Assets.xcassets */ = {isa = PBXFileReference; lastKnownFileType = folder.assetcatalog; path = "Preview Assets.xcassets"; sourceTree = "<group>"; };
		04B46BF424B228D400F343FB /* Base */ = {isa = PBXFileReference; lastKnownFileType = file.storyboard; name = Base; path = Base.lproj/LaunchScreen.storyboard; sourceTree = "<group>"; };
		04B46BF624B228D400F343FB /* Info.plist */ = {isa = PBXFileReference; lastKnownFileType = text.plist.xml; path = Info.plist; sourceTree = "<group>"; };
		04B46BFC24B24EAB00F343FB /* Book.swift */ = {isa = PBXFileReference; lastKnownFileType = sourcecode.swift; path = Book.swift; sourceTree = "<group>"; };
		04B46BFE24B24F4700F343FB /* BookList.swift */ = {isa = PBXFileReference; lastKnownFileType = sourcecode.swift; path = BookList.swift; sourceTree = "<group>"; };
/* End PBXFileReference section */

/* Begin PBXFrameworksBuildPhase section */
		04B46BDF24B228CF00F343FB /* Frameworks */ = {
			isa = PBXFrameworksBuildPhase;
			buildActionMask = 2147483647;
			files = (
			);
			runOnlyForDeploymentPostprocessing = 0;
		};
/* End PBXFrameworksBuildPhase section */

/* Begin PBXGroup section */
		04B46BD924B228CF00F343FB = {
			isa = PBXGroup;
			children = (
				04B46BE424B228CF00F343FB /* MyBookRating */,
				04B46BE324B228CF00F343FB /* Products */,
			);
			sourceTree = "<group>";
		};
		04B46BE324B228CF00F343FB /* Products */ = {
			isa = PBXGroup;
			children = (
				04B46BE224B228CF00F343FB /* MyBookRating.app */,
			);
			name = Products;
			sourceTree = "<group>";
		};
		04B46BE424B228CF00F343FB /* MyBookRating */ = {
			isa = PBXGroup;
			children = (
				04B46BFE24B24F4700F343FB /* BookList.swift */,
				04B46BFC24B24EAB00F343FB /* Book.swift */,
				04B46BE524B228CF00F343FB /* AppDelegate.swift */,
				04B46BE724B228CF00F343FB /* SceneDelegate.swift */,
				04B46BEC24B228CF00F343FB /* ContentView.swift */,
				04B46BEE24B228D400F343FB /* Assets.xcassets */,
				04B46BF324B228D400F343FB /* LaunchScreen.storyboard */,
				04B46BF624B228D400F343FB /* Info.plist */,
				04B46BE924B228CF00F343FB /* MyBookRating.xcdatamodeld */,
				04B46BF024B228D400F343FB /* Preview Content */,
			);
			path = MyBookRating;
			sourceTree = "<group>";
		};
		04B46BF024B228D400F343FB /* Preview Content */ = {
			isa = PBXGroup;
			children = (
				04B46BF124B228D400F343FB /* Preview Assets.xcassets */,
			);
			path = "Preview Content";
			sourceTree = "<group>";
		};
/* End PBXGroup section */

/* Begin PBXNativeTarget section */
		04B46BE124B228CF00F343FB /* MyBookRating */ = {
			isa = PBXNativeTarget;
			buildConfigurationList = 04B46BF924B228D400F343FB /* Build configuration list for PBXNativeTarget "MyBookRating" */;
			buildPhases = (
				04B46BDE24B228CF00F343FB /* Sources */,
				04B46BDF24B228CF00F343FB /* Frameworks */,
				04B46BE024B228CF00F343FB /* Resources */,
			);
			buildRules = (
			);
			dependencies = (
			);
			name = MyBookRating;
			productName = MyBookRating;
			productReference = 04B46BE224B228CF00F343FB /* MyBookRating.app */;
			productType = "com.apple.product-type.application";
		};
/* End PBXNativeTarget section */

/* Begin PBXProject section */
		04B46BDA24B228CF00F343FB /* Project object */ = {
			isa = PBXProject;
			attributes = {
				LastSwiftUpdateCheck = 1150;
				LastUpgradeCheck = 1150;
				ORGANIZATIONNAME = MAC;
				TargetAttributes = {
					04B46BE124B228CF00F343FB = {
						CreatedOnToolsVersion = 11.5;
					};
				};
			};
			buildConfigurationList = 04B46BDD24B228CF00F343FB /* Build configuration list for PBXProject "MyBookRating" */;
			compatibilityVersion = "Xcode 9.3";
			developmentRegion = en;
			hasScannedForEncodings = 0;
			knownRegions = (
				en,
				Base,
			);
			mainGroup = 04B46BD924B228CF00F343FB;
			productRefGroup = 04B46BE324B228CF00F343FB /* Products */;
			projectDirPath = "";
			projectRoot = "";
			targets = (
				04B46BE124B228CF00F343FB /* MyBookRating */,
			);
		};
/* End PBXProject section */

/* Begin PBXResourcesBuildPhase section */
		04B46BE024B228CF00F343FB /* Resources */ = {
			isa = PBXResourcesBuildPhase;
			buildActionMask = 2147483647;
			files = (
				04B46BF524B228D400F343FB /* LaunchScreen.storyboard in Resources */,
				04B46BF224B228D400F343FB /* Preview Assets.xcassets in Resources */,
				04B46BEF24B228D400F343FB /* Assets.xcassets in Resources */,
			);
			runOnlyForDeploymentPostprocessing = 0;
		};
/* End PBXResourcesBuildPhase section */

/* Begin PBXSourcesBuildPhase section */
		04B46BDE24B228CF00F343FB /* Sources */ = {
			isa = PBXSourcesBuildPhase;
			buildActionMask = 2147483647;
			files = (
				04B46BFF24B24F4700F343FB /* BookList.swift in Sources */,
				04B46BE624B228CF00F343FB /* AppDelegate.swift in Sources */,
				04B46BE824B228CF00F343FB /* SceneDelegate.swift in Sources */,
				04B46BED24B228CF00F343FB /* ContentView.swift in Sources */,
				04B46BFD24B24EAB00F343FB /* Book.swift in Sources */,
				04B46BEB24B228CF00F343FB /* MyBookRating.xcdatamodeld in Sources */,
			);
			runOnlyForDeploymentPostprocessing = 0;
		};
/* End PBXSourcesBuildPhase section */

/* Begin PBXVariantGroup section */
		04B46BF324B228D400F343FB /* LaunchScreen.storyboard */ = {
			isa = PBXVariantGroup;
			children = (
				04B46BF424B228D400F343FB /* Base */,
			);
			name = LaunchScreen.storyboard;
			sourceTree = "<group>";
		};
/* End PBXVariantGroup section */

/* Begin XCBuildConfiguration section */
		04B46BF724B228D400F343FB /* Debug */ = {
			isa = XCBuildConfiguration;
			buildSettings = {
				ALWAYS_SEARCH_USER_PATHS = NO;
				CLANG_ANALYZER_NONNULL = YES;
				CLANG_ANALYZER_NUMBER_OBJECT_CONVERSION = YES_AGGRESSIVE;
				CLANG_CXX_LANGUAGE_STANDARD = "gnu++14";
				CLANG_CXX_LIBRARY = "libc++";
				CLANG_ENABLE_MODULES = YES;
				CLANG_ENABLE_OBJC_ARC = YES;
				CLANG_ENABLE_OBJC_WEAK = YES;
				CLANG_WARN_BLOCK_CAPTURE_AUTORELEASING = YES;
				CLANG_WARN_BOOL_CONVERSION = YES;
				CLANG_WARN_COMMA = YES;
				CLANG_WARN_CONSTANT_CONVERSION = YES;
				CLANG_WARN_DEPRECATED_OBJC_IMPLEMENTATIONS = YES;
				CLANG_WARN_DIRECT_OBJC_ISA_USAGE = YES_ERROR;
				CLANG_WARN_DOCUMENTATION_COMMENTS = YES;
				CLANG_WARN_EMPTY_BODY = YES;
				CLANG_WARN_ENUM_CONVERSION = YES;
				CLANG_WARN_INFINITE_RECURSION = YES;
				CLANG_WARN_INT_CONVERSION = YES;
				CLANG_WARN_NON_LITERAL_NULL_CONVERSION = YES;
				CLANG_WARN_OBJC_IMPLICIT_RETAIN_SELF = YES;
				CLANG_WARN_OBJC_LITERAL_CONVERSION = YES;
				CLANG_WARN_OBJC_ROOT_CLASS = YES_ERROR;
				CLANG_WARN_RANGE_LOOP_ANALYSIS = YES;
				CLANG_WARN_STRICT_PROTOTYPES = YES;
				CLANG_WARN_SUSPICIOUS_MOVE = YES;
				CLANG_WARN_UNGUARDED_AVAILABILITY = YES_AGGRESSIVE;
				CLANG_WARN_UNREACHABLE_CODE = YES;
				CLANG_WARN__DUPLICATE_METHOD_MATCH = YES;
				COPY_PHASE_STRIP = NO;
				DEBUG_INFORMATION_FORMAT = dwarf;
				ENABLE_STRICT_OBJC_MSGSEND = YES;
				ENABLE_TESTABILITY = YES;
				GCC_C_LANGUAGE_STANDARD = gnu11;
				GCC_DYNAMIC_NO_PIC = NO;
				GCC_NO_COMMON_BLOCKS = YES;
				GCC_OPTIMIZATION_LEVEL = 0;
				GCC_PREPROCESSOR_DEFINITIONS = (
					"DEBUG=1",
					"$(inherited)",
				);
				GCC_WARN_64_TO_32_BIT_CONVERSION = YES;
				GCC_WARN_ABOUT_RETURN_TYPE = YES_ERROR;
				GCC_WARN_UNDECLARED_SELECTOR = YES;
				GCC_WARN_UNINITIALIZED_AUTOS = YES_AGGRESSIVE;
				GCC_WARN_UNUSED_FUNCTION = YES;
				GCC_WARN_UNUSED_VARIABLE = YES;
				IPHONEOS_DEPLOYMENT_TARGET = 13.5;
				MTL_ENABLE_DEBUG_INFO = INCLUDE_SOURCE;
				MTL_FAST_MATH = YES;
				ONLY_ACTIVE_ARCH = YES;
				SDKROOT = iphoneos;
				SWIFT_ACTIVE_COMPILATION_CONDITIONS = DEBUG;
				SWIFT_OPTIMIZATION_LEVEL = "-Onone";
			};
			name = Debug;
		};
		04B46BF824B228D400F343FB /* Release */ = {
			isa = XCBuildConfiguration;
			buildSettings = {
				ALWAYS_SEARCH_USER_PATHS = NO;
				CLANG_ANALYZER_NONNULL = YES;
				CLANG_ANALYZER_NUMBER_OBJECT_CONVERSION = YES_AGGRESSIVE;
				CLANG_CXX_LANGUAGE_STANDARD = "gnu++14";
				CLANG_CXX_LIBRARY = "libc++";
				CLANG_ENABLE_MODULES = YES;
				CLANG_ENABLE_OBJC_ARC = YES;
				CLANG_ENABLE_OBJC_WEAK = YES;
				CLANG_WARN_BLOCK_CAPTURE_AUTORELEASING = YES;
				CLANG_WARN_BOOL_CONVERSION = YES;
				CLANG_WARN_COMMA = YES;
				CLANG_WARN_CONSTANT_CONVERSION = YES;
				CLANG_WARN_DEPRECATED_OBJC_IMPLEMENTATIONS = YES;
				CLANG_WARN_DIRECT_OBJC_ISA_USAGE = YES_ERROR;
				CLANG_WARN_DOCUMENTATION_COMMENTS = YES;
				CLANG_WARN_EMPTY_BODY = YES;
				CLANG_WARN_ENUM_CONVERSION = YES;
				CLANG_WARN_INFINITE_RECURSION = YES;
				CLANG_WARN_INT_CONVERSION = YES;
				CLANG_WARN_NON_LITERAL_NULL_CONVERSION = YES;
				CLANG_WARN_OBJC_IMPLICIT_RETAIN_SELF = YES;
				CLANG_WARN_OBJC_LITERAL_CONVERSION = YES;
				CLANG_WARN_OBJC_ROOT_CLASS = YES_ERROR;
				CLANG_WARN_RANGE_LOOP_ANALYSIS = YES;
				CLANG_WARN_STRICT_PROTOTYPES = YES;
				CLANG_WARN_SUSPICIOUS_MOVE = YES;
				CLANG_WARN_UNGUARDED_AVAILABILITY = YES_AGGRESSIVE;
				CLANG_WARN_UNREACHABLE_CODE = YES;
				CLANG_WARN__DUPLICATE_METHOD_MATCH = YES;
				COPY_PHASE_STRIP = NO;
				DEBUG_INFORMATION_FORMAT = "dwarf-with-dsym";
				ENABLE_NS_ASSERTIONS = NO;
				ENABLE_STRICT_OBJC_MSGSEND = YES;
				GCC_C_LANGUAGE_STANDARD = gnu11;
				GCC_NO_COMMON_BLOCKS = YES;
				GCC_WARN_64_TO_32_BIT_CONVERSION = YES;
				GCC_WARN_ABOUT_RETURN_TYPE = YES_ERROR;
				GCC_WARN_UNDECLARED_SELECTOR = YES;
				GCC_WARN_UNINITIALIZED_AUTOS = YES_AGGRESSIVE;
				GCC_WARN_UNUSED_FUNCTION = YES;
				GCC_WARN_UNUSED_VARIABLE = YES;
				IPHONEOS_DEPLOYMENT_TARGET = 13.5;
				MTL_ENABLE_DEBUG_INFO = NO;
				MTL_FAST_MATH = YES;
				SDKROOT = iphoneos;
				SWIFT_COMPILATION_MODE = wholemodule;
				SWIFT_OPTIMIZATION_LEVEL = "-O";
				VALIDATE_PRODUCT = YES;
			};
			name = Release;
		};
		04B46BFA24B228D400F343FB /* Debug */ = {
			isa = XCBuildConfiguration;
			buildSettings = {
				ASSETCATALOG_COMPILER_APPICON_NAME = AppIcon;
				CODE_SIGN_STYLE = Automatic;
				DEVELOPMENT_ASSET_PATHS = "\"MyBookRating/Preview Content\"";
				DEVELOPMENT_TEAM = 7V6773B2EX;
				ENABLE_PREVIEWS = YES;
				INFOPLIST_FILE = MyBookRating/Info.plist;
				LD_RUNPATH_SEARCH_PATHS = (
					"$(inherited)",
					"@executable_path/Frameworks",
				);
				PRODUCT_BUNDLE_IDENTIFIER = mac.MyBookRating;
				PRODUCT_NAME = "$(TARGET_NAME)";
				SWIFT_VERSION = 5.0;
				TARGETED_DEVICE_FAMILY = "1,2";
			};
			name = Debug;
		};
		04B46BFB24B228D400F343FB /* Release */ = {
			isa = XCBuildConfiguration;
			buildSettings = {
				ASSETCATALOG_COMPILER_APPICON_NAME = AppIcon;
				CODE_SIGN_STYLE = Automatic;
				DEVELOPMENT_ASSET_PATHS = "\"MyBookRating/Preview Content\"";
				DEVELOPMENT_TEAM = 7V6773B2EX;
				ENABLE_PREVIEWS = YES;
				INFOPLIST_FILE = MyBookRating/Info.plist;
				LD_RUNPATH_SEARCH_PATHS = (
					"$(inherited)",
					"@executable_path/Frameworks",
				);
				PRODUCT_BUNDLE_IDENTIFIER = mac.MyBookRating;
				PRODUCT_NAME = "$(TARGET_NAME)";
				SWIFT_VERSION = 5.0;
				TARGETED_DEVICE_FAMILY = "1,2";
			};
			name = Release;
		};
/* End XCBuildConfiguration section */

/* Begin XCConfigurationList section */
		04B46BDD24B228CF00F343FB /* Build configuration list for PBXProject "MyBookRating" */ = {
			isa = XCConfigurationList;
			buildConfigurations = (
				04B46BF724B228D400F343FB /* Debug */,
				04B46BF824B228D400F343FB /* Release */,
			);
			defaultConfigurationIsVisible = 0;
			defaultConfigurationName = Release;
		};
		04B46BF924B228D400F343FB /* Build configuration list for PBXNativeTarget "MyBookRating" */ = {
			isa = XCConfigurationList;
			buildConfigurations = (
				04B46BFA24B228D400F343FB /* Debug */,
				04B46BFB24B228D400F343FB /* Release */,
			);
			defaultConfigurationIsVisible = 0;
			defaultConfigurationName = Release;
		};
/* End XCConfigurationList section */

/* Begin XCVersionGroup section */
		04B46BE924B228CF00F343FB /* MyBookRating.xcdatamodeld */ = {
			isa = XCVersionGroup;
			children = (
				04B46BEA24B228CF00F343FB /* MyBookRating.xcdatamodel */,
			);
			currentVersion = 04B46BEA24B228CF00F343FB /* MyBookRating.xcdatamodel */;
			path = MyBookRating.xcdatamodeld;
			sourceTree = "<group>";
			versionGroupType = wrapper.xcdatamodel;
		};
/* End XCVersionGroup section */
	};
	rootObject = 04B46BDA24B228CF00F343FB /* Project object */;
}
